
Microsoft Visual Studio Solution File, Format Version 12.00
# Visual Studio Version 17
VisualStudioVersion = 17.8.34330.188
MinimumVisualStudioVersion = 10.0.40219.1
Project("{9A19103F-16F7-4668-BE54-9A1E7A4F7556}") = "C#-002.FirstLesson", "C#-002.FirstLesson\C#-002.FirstLesson\C#-002.FirstLesson.csproj", "{1BE53082-362C-4A76-B832-0E4E3AC026AC}"
EndProject
Project("{9A19103F-16F7-4668-BE54-9A1E7A4F7556}") = "Variables.Lesson2", "Variables\Variables.Lesson2\Variables.Lesson2.csproj", "{91CE1BA3-1B4D-4124-A85A-3462244FE96D}"
EndProject
Project("{9A19103F-16F7-4668-BE54-9A1E7A4F7556}") = "C#-002.Operators", "C#-002.Operators\C#-002.Operators\C#-002.Operators.csproj", "{5ECB5519-B64F-479D-9D24-707827C67E28}"
EndProject
Project("{9A19103F-16F7-4668-BE54-9A1E7A4F7556}") = "Loops.C#-002", "Loops.C#-002\Loops.C#-002\Loops.C#-002.csproj", "{298892B5-D4F8-49CC-908F-1C9DDC4A3A09}"
EndProject
Project("{9A19103F-16F7-4668-BE54-9A1E7A4F7556}") = "C#-002.Exceptions", "C#-002.Exceptions\C#-002.Exceptions\C#-002.Exceptions.csproj", "{0887FFBB-C4CF-445D-A9B3-B17475CA0546}"
EndProject
Project("{9A19103F-16F7-4668-BE54-9A1E7A4F7556}") = "C#-002.Arrays", "C#-002.Arrays\C#-002.Arrays.csproj", "{2698D224-EC4B-41B8-989F-1B125B521A3F}"
EndProject
Project("{9A19103F-16F7-4668-BE54-9A1E7A4F7556}") = "ArrayListAndStrings", "ArrayListAndStrings\ArrayListAndStrings.csproj", "{B9A7432A-4966-4DA2-8CFC-005695A22429}"
EndProject
Project("{9A19103F-16F7-4668-BE54-9A1E7A4F7556}") = "Methods", "Methods\Methods.csproj", "{BE4D3CF1-EDE2-41EE-BF03-EA6D309CA261}"
EndProject
Project("{9A19103F-16F7-4668-BE54-9A1E7A4F7556}") = "MethodPart2", "MethodPart2\MethodPart2.csproj", "{3871C381-9A4F-4EE2-B349-DBFC432D0FE8}"
EndProject
Project("{9A19103F-16F7-4668-BE54-9A1E7A4F7556}") = "RefAndOut", "RefAndOut\RefAndOut.csproj", "{04A547CA-E7A2-497F-B20C-442E844F2E43}"
EndProject
Project("{2150E333-8FDC-42A3-9474-1A3956D46DE8}") = "OOP", "OOP", "{F09035A1-E91C-4854-AB64-3572795B0A26}"
EndProject
Project("{9A19103F-16F7-4668-BE54-9A1E7A4F7556}") = "OOP.Lesson1", "OOP\OOP.Lesson1\OOP.Lesson1.csproj", "{2CD70B4D-DDD2-40D1-A7EE-09CE008B6895}"
EndProject
Project("{9A19103F-16F7-4668-BE54-9A1E7A4F7556}") = "ExamProject", "OOP\ExamProject\ExamProject.csproj", "{61D8C310-BAB8-4400-92A1-6EF766905331}"
EndProject
Project("{9A19103F-16F7-4668-BE54-9A1E7A4F7556}") = "OOP.Lesson2.Constructors", "OOP.Lesson2.Constructors\OOP.Lesson2.Constructors.csproj", "{A7E48E82-6AB1-4EE3-9951-0B67ED8A6D34}"
EndProject
Project("{9A19103F-16F7-4668-BE54-9A1E7A4F7556}") = "OOP.Inheritance", "OOP.Inheritance\OOP.Inheritance.csproj", "{67670007-3E8D-4951-A712-C06617926659}"
EndProject
Project("{9A19103F-16F7-4668-BE54-9A1E7A4F7556}") = "Polymorphism", "Polymorphism\Polymorphism.csproj", "{647D335A-D8CC-47E4-AF19-3614CFD2F3D7}"
EndProject
Project("{FAE04EC0-301F-11D3-BF4B-00C04F79EFBC}") = "Abstraction", "Abstraction\Abstraction.csproj", "{4D8F601D-4F5B-424D-AF2B-0AD33C15FC5E}"
EndProject
Project("{FAE04EC0-301F-11D3-BF4B-00C04F79EFBC}") = "CarProject", "CarProject\CarProject.csproj", "{2012137B-4B26-4757-9443-E8B2B26B4F83}"
EndProject
Global
	GlobalSection(SolutionConfigurationPlatforms) = preSolution
		Debug|Any CPU = Debug|Any CPU
		Release|Any CPU = Release|Any CPU
	EndGlobalSection
	GlobalSection(ProjectConfigurationPlatforms) = postSolution
		{1BE53082-362C-4A76-B832-0E4E3AC026AC}.Debug|Any CPU.ActiveCfg = Debug|Any CPU
		{1BE53082-362C-4A76-B832-0E4E3AC026AC}.Debug|Any CPU.Build.0 = Debug|Any CPU
		{1BE53082-362C-4A76-B832-0E4E3AC026AC}.Release|Any CPU.ActiveCfg = Release|Any CPU
		{1BE53082-362C-4A76-B832-0E4E3AC026AC}.Release|Any CPU.Build.0 = Release|Any CPU
		{91CE1BA3-1B4D-4124-A85A-3462244FE96D}.Debug|Any CPU.ActiveCfg = Debug|Any CPU
		{91CE1BA3-1B4D-4124-A85A-3462244FE96D}.Debug|Any CPU.Build.0 = Debug|Any CPU
		{91CE1BA3-1B4D-4124-A85A-3462244FE96D}.Release|Any CPU.ActiveCfg = Release|Any CPU
		{91CE1BA3-1B4D-4124-A85A-3462244FE96D}.Release|Any CPU.Build.0 = Release|Any CPU
		{5ECB5519-B64F-479D-9D24-707827C67E28}.Debug|Any CPU.ActiveCfg = Debug|Any CPU
		{5ECB5519-B64F-479D-9D24-707827C67E28}.Debug|Any CPU.Build.0 = Debug|Any CPU
		{5ECB5519-B64F-479D-9D24-707827C67E28}.Release|Any CPU.ActiveCfg = Release|Any CPU
		{5ECB5519-B64F-479D-9D24-707827C67E28}.Release|Any CPU.Build.0 = Release|Any CPU
		{298892B5-D4F8-49CC-908F-1C9DDC4A3A09}.Debug|Any CPU.ActiveCfg = Debug|Any CPU
		{298892B5-D4F8-49CC-908F-1C9DDC4A3A09}.Debug|Any CPU.Build.0 = Debug|Any CPU
		{298892B5-D4F8-49CC-908F-1C9DDC4A3A09}.Release|Any CPU.ActiveCfg = Release|Any CPU
		{298892B5-D4F8-49CC-908F-1C9DDC4A3A09}.Release|Any CPU.Build.0 = Release|Any CPU
		{0887FFBB-C4CF-445D-A9B3-B17475CA0546}.Debug|Any CPU.ActiveCfg = Debug|Any CPU
		{0887FFBB-C4CF-445D-A9B3-B17475CA0546}.Debug|Any CPU.Build.0 = Debug|Any CPU
		{0887FFBB-C4CF-445D-A9B3-B17475CA0546}.Release|Any CPU.ActiveCfg = Release|Any CPU
		{0887FFBB-C4CF-445D-A9B3-B17475CA0546}.Release|Any CPU.Build.0 = Release|Any CPU
		{2698D224-EC4B-41B8-989F-1B125B521A3F}.Debug|Any CPU.ActiveCfg = Debug|Any CPU
		{2698D224-EC4B-41B8-989F-1B125B521A3F}.Debug|Any CPU.Build.0 = Debug|Any CPU
		{2698D224-EC4B-41B8-989F-1B125B521A3F}.Release|Any CPU.ActiveCfg = Release|Any CPU
		{2698D224-EC4B-41B8-989F-1B125B521A3F}.Release|Any CPU.Build.0 = Release|Any CPU
		{B9A7432A-4966-4DA2-8CFC-005695A22429}.Debug|Any CPU.ActiveCfg = Debug|Any CPU
		{B9A7432A-4966-4DA2-8CFC-005695A22429}.Debug|Any CPU.Build.0 = Debug|Any CPU
		{B9A7432A-4966-4DA2-8CFC-005695A22429}.Release|Any CPU.ActiveCfg = Release|Any CPU
		{B9A7432A-4966-4DA2-8CFC-005695A22429}.Release|Any CPU.Build.0 = Release|Any CPU
		{BE4D3CF1-EDE2-41EE-BF03-EA6D309CA261}.Debug|Any CPU.ActiveCfg = Debug|Any CPU
		{BE4D3CF1-EDE2-41EE-BF03-EA6D309CA261}.Debug|Any CPU.Build.0 = Debug|Any CPU
		{BE4D3CF1-EDE2-41EE-BF03-EA6D309CA261}.Release|Any CPU.ActiveCfg = Release|Any CPU
		{BE4D3CF1-EDE2-41EE-BF03-EA6D309CA261}.Release|Any CPU.Build.0 = Release|Any CPU
		{3871C381-9A4F-4EE2-B349-DBFC432D0FE8}.Debug|Any CPU.ActiveCfg = Debug|Any CPU
		{3871C381-9A4F-4EE2-B349-DBFC432D0FE8}.Debug|Any CPU.Build.0 = Debug|Any CPU
		{3871C381-9A4F-4EE2-B349-DBFC432D0FE8}.Release|Any CPU.ActiveCfg = Release|Any CPU
		{3871C381-9A4F-4EE2-B349-DBFC432D0FE8}.Release|Any CPU.Build.0 = Release|Any CPU
		{04A547CA-E7A2-497F-B20C-442E844F2E43}.Debug|Any CPU.ActiveCfg = Debug|Any CPU
		{04A547CA-E7A2-497F-B20C-442E844F2E43}.Debug|Any CPU.Build.0 = Debug|Any CPU
		{04A547CA-E7A2-497F-B20C-442E844F2E43}.Release|Any CPU.ActiveCfg = Release|Any CPU
		{04A547CA-E7A2-497F-B20C-442E844F2E43}.Release|Any CPU.Build.0 = Release|Any CPU
		{2CD70B4D-DDD2-40D1-A7EE-09CE008B6895}.Debug|Any CPU.ActiveCfg = Debug|Any CPU
		{2CD70B4D-DDD2-40D1-A7EE-09CE008B6895}.Debug|Any CPU.Build.0 = Debug|Any CPU
		{2CD70B4D-DDD2-40D1-A7EE-09CE008B6895}.Release|Any CPU.ActiveCfg = Release|Any CPU
		{2CD70B4D-DDD2-40D1-A7EE-09CE008B6895}.Release|Any CPU.Build.0 = Release|Any CPU
		{61D8C310-BAB8-4400-92A1-6EF766905331}.Debug|Any CPU.ActiveCfg = Debug|Any CPU
		{61D8C310-BAB8-4400-92A1-6EF766905331}.Debug|Any CPU.Build.0 = Debug|Any CPU
		{61D8C310-BAB8-4400-92A1-6EF766905331}.Release|Any CPU.ActiveCfg = Release|Any CPU
		{61D8C310-BAB8-4400-92A1-6EF766905331}.Release|Any CPU.Build.0 = Release|Any CPU
		{A7E48E82-6AB1-4EE3-9951-0B67ED8A6D34}.Debug|Any CPU.ActiveCfg = Debug|Any CPU
		{A7E48E82-6AB1-4EE3-9951-0B67ED8A6D34}.Debug|Any CPU.Build.0 = Debug|Any CPU
		{A7E48E82-6AB1-4EE3-9951-0B67ED8A6D34}.Release|Any CPU.ActiveCfg = Release|Any CPU
		{A7E48E82-6AB1-4EE3-9951-0B67ED8A6D34}.Release|Any CPU.Build.0 = Release|Any CPU
		{67670007-3E8D-4951-A712-C06617926659}.Debug|Any CPU.ActiveCfg = Debug|Any CPU
		{67670007-3E8D-4951-A712-C06617926659}.Debug|Any CPU.Build.0 = Debug|Any CPU
		{67670007-3E8D-4951-A712-C06617926659}.Release|Any CPU.ActiveCfg = Release|Any CPU
		{67670007-3E8D-4951-A712-C06617926659}.Release|Any CPU.Build.0 = Release|Any CPU
		{647D335A-D8CC-47E4-AF19-3614CFD2F3D7}.Debug|Any CPU.ActiveCfg = Debug|Any CPU
		{647D335A-D8CC-47E4-AF19-3614CFD2F3D7}.Debug|Any CPU.Build.0 = Debug|Any CPU
		{647D335A-D8CC-47E4-AF19-3614CFD2F3D7}.Release|Any CPU.ActiveCfg = Release|Any CPU
		{647D335A-D8CC-47E4-AF19-3614CFD2F3D7}.Release|Any CPU.Build.0 = Release|Any CPU
		{4D8F601D-4F5B-424D-AF2B-0AD33C15FC5E}.Debug|Any CPU.ActiveCfg = Debug|Any CPU
		{4D8F601D-4F5B-424D-AF2B-0AD33C15FC5E}.Debug|Any CPU.Build.0 = Debug|Any CPU
		{4D8F601D-4F5B-424D-AF2B-0AD33C15FC5E}.Release|Any CPU.ActiveCfg = Release|Any CPU
		{4D8F601D-4F5B-424D-AF2B-0AD33C15FC5E}.Release|Any CPU.Build.0 = Release|Any CPU
		{2012137B-4B26-4757-9443-E8B2B26B4F83}.Debug|Any CPU.ActiveCfg = Debug|Any CPU
		{2012137B-4B26-4757-9443-E8B2B26B4F83}.Debug|Any CPU.Build.0 = Debug|Any CPU
		{2012137B-4B26-4757-9443-E8B2B26B4F83}.Release|Any CPU.ActiveCfg = Release|Any CPU
		{2012137B-4B26-4757-9443-E8B2B26B4F83}.Release|Any CPU.Build.0 = Release|Any CPU
	EndGlobalSection
	GlobalSection(SolutionProperties) = preSolution
		HideSolutionNode = FALSE
	EndGlobalSection
	GlobalSection(NestedProjects) = preSolution
		{2CD70B4D-DDD2-40D1-A7EE-09CE008B6895} = {F09035A1-E91C-4854-AB64-3572795B0A26}
		{61D8C310-BAB8-4400-92A1-6EF766905331} = {F09035A1-E91C-4854-AB64-3572795B0A26}
		{A7E48E82-6AB1-4EE3-9951-0B67ED8A6D34} = {F09035A1-E91C-4854-AB64-3572795B0A26}
		{67670007-3E8D-4951-A712-C06617926659} = {F09035A1-E91C-4854-AB64-3572795B0A26}
		{647D335A-D8CC-47E4-AF19-3614CFD2F3D7} = {F09035A1-E91C-4854-AB64-3572795B0A26}
		{4D8F601D-4F5B-424D-AF2B-0AD33C15FC5E} = {F09035A1-E91C-4854-AB64-3572795B0A26}
		{2012137B-4B26-4757-9443-E8B2B26B4F83} = {F09035A1-E91C-4854-AB64-3572795B0A26}
	EndGlobalSection
	GlobalSection(ExtensibilityGlobals) = postSolution
		SolutionGuid = {71B54C4B-6A22-44FF-A0FA-A54D76292220}
	EndGlobalSection
EndGlobal
