
Microsoft Visual Studio Solution File, Format Version 12.00
# Visual Studio Version 17
VisualStudioVersion = 17.8.34330.188
MinimumVisualStudioVersion = 10.0.40219.1
Project("{9A19103F-16F7-4668-BE54-9A1E7A4F7556}") = "C#-002.FirstLesson", "C#-002.FirstLesson\C#-002.FirstLesson\C#-002.FirstLesson.csproj", "{1BE53082-362C-4A76-B832-0E4E3AC026AC}"
EndProject
Project("{9A19103F-16F7-4668-BE54-9A1E7A4F7556}") = "Variables.Lesson2", "Variables\Variables.Lesson2\Variables.Lesson2.csproj", "{91CE1BA3-1B4D-4124-A85A-3462244FE96D}"
EndProject
Project("{9A19103F-16F7-4668-BE54-9A1E7A4F7556}") = "C#-002.Operators", "C#-002.Operators\C#-002.Operators\C#-002.Operators.csproj", "{5ECB5519-B64F-479D-9D24-707827C67E28}"
EndProject
Project("{9A19103F-16F7-4668-BE54-9A1E7A4F7556}") = "Loops.C#-002", "Loops.C#-002\Loops.C#-002\Loops.C#-002.csproj", "{298892B5-D4F8-49CC-908F-1C9DDC4A3A09}"
EndProject
Project("{9A19103F-16F7-4668-BE54-9A1E7A4F7556}") = "C#-002.Exceptions", "C#-002.Exceptions\C#-002.Exceptions\C#-002.Exceptions.csproj", "{0887FFBB-C4CF-445D-A9B3-B17475CA0546}"
EndProject
Project("{9A19103F-16F7-4668-BE54-9A1E7A4F7556}") = "C#-002.Arrays", "C#-002.Arrays\C#-002.Arrays.csproj", "{2698D224-EC4B-41B8-989F-1B125B521A3F}"
EndProject
Project("{9A19103F-16F7-4668-BE54-9A1E7A4F7556}") = "ArrayListAndStrings", "ArrayListAndStrings\ArrayListAndStrings.csproj", "{B9A7432A-4966-4DA2-8CFC-005695A22429}"
EndProject
Project("{9A19103F-16F7-4668-BE54-9A1E7A4F7556}") = "Methods", "Methods\Methods.csproj", "{BE4D3CF1-EDE2-41EE-BF03-EA6D309CA261}"
EndProject
Project("{FAE04EC0-301F-11D3-BF4B-00C04F79EFBC}") = "MethodPart2", "MethodPart2\MethodPart2.csproj", "{3871C381-9A4F-4EE2-B349-DBFC432D0FE8}"
EndProject
Global
	GlobalSection(SolutionConfigurationPlatforms) = preSolution
		Debug|Any CPU = Debug|Any CPU
		Release|Any CPU = Release|Any CPU
	EndGlobalSection
	GlobalSection(ProjectConfigurationPlatforms) = postSolution
		{1BE53082-362C-4A76-B832-0E4E3AC026AC}.Debug|Any CPU.ActiveCfg = Debug|Any CPU
		{1BE53082-362C-4A76-B832-0E4E3AC026AC}.Debug|Any CPU.Build.0 = Debug|Any CPU
		{1BE53082-362C-4A76-B832-0E4E3AC026AC}.Release|Any CPU.ActiveCfg = Release|Any CPU
		{1BE53082-362C-4A76-B832-0E4E3AC026AC}.Release|Any CPU.Build.0 = Release|Any CPU
		{91CE1BA3-1B4D-4124-A85A-3462244FE96D}.Debug|Any CPU.ActiveCfg = Debug|Any CPU
		{91CE1BA3-1B4D-4124-A85A-3462244FE96D}.Debug|Any CPU.Build.0 = Debug|Any CPU
		{91CE1BA3-1B4D-4124-A85A-3462244FE96D}.Release|Any CPU.ActiveCfg = Release|Any CPU
		{91CE1BA3-1B4D-4124-A85A-3462244FE96D}.Release|Any CPU.Build.0 = Release|Any CPU
		{5ECB5519-B64F-479D-9D24-707827C67E28}.Debug|Any CPU.ActiveCfg = Debug|Any CPU
		{5ECB5519-B64F-479D-9D24-707827C67E28}.Debug|Any CPU.Build.0 = Debug|Any CPU
		{5ECB5519-B64F-479D-9D24-707827C67E28}.Release|Any CPU.ActiveCfg = Release|Any CPU
		{5ECB5519-B64F-479D-9D24-707827C67E28}.Release|Any CPU.Build.0 = Release|Any CPU
		{298892B5-D4F8-49CC-908F-1C9DDC4A3A09}.Debug|Any CPU.ActiveCfg = Debug|Any CPU
		{298892B5-D4F8-49CC-908F-1C9DDC4A3A09}.Debug|Any CPU.Build.0 = Debug|Any CPU
		{298892B5-D4F8-49CC-908F-1C9DDC4A3A09}.Release|Any CPU.ActiveCfg = Release|Any CPU
		{298892B5-D4F8-49CC-908F-1C9DDC4A3A09}.Release|Any CPU.Build.0 = Release|Any CPU
		{0887FFBB-C4CF-445D-A9B3-B17475CA0546}.Debug|Any CPU.ActiveCfg = Debug|Any CPU
		{0887FFBB-C4CF-445D-A9B3-B17475CA0546}.Debug|Any CPU.Build.0 = Debug|Any CPU
		{0887FFBB-C4CF-445D-A9B3-B17475CA0546}.Release|Any CPU.ActiveCfg = Release|Any CPU
		{0887FFBB-C4CF-445D-A9B3-B17475CA0546}.Release|Any CPU.Build.0 = Release|Any CPU
		{2698D224-EC4B-41B8-989F-1B125B521A3F}.Debug|Any CPU.ActiveCfg = Debug|Any CPU
		{2698D224-EC4B-41B8-989F-1B125B521A3F}.Debug|Any CPU.Build.0 = Debug|Any CPU
		{2698D224-EC4B-41B8-989F-1B125B521A3F}.Release|Any CPU.ActiveCfg = Release|Any CPU
		{2698D224-EC4B-41B8-989F-1B125B521A3F}.Release|Any CPU.Build.0 = Release|Any CPU
		{B9A7432A-4966-4DA2-8CFC-005695A22429}.Debug|Any CPU.ActiveCfg = Debug|Any CPU
		{B9A7432A-4966-4DA2-8CFC-005695A22429}.Debug|Any CPU.Build.0 = Debug|Any CPU
		{B9A7432A-4966-4DA2-8CFC-005695A22429}.Release|Any CPU.ActiveCfg = Release|Any CPU
		{B9A7432A-4966-4DA2-8CFC-005695A22429}.Release|Any CPU.Build.0 = Release|Any CPU
		{BE4D3CF1-EDE2-41EE-BF03-EA6D309CA261}.Debug|Any CPU.ActiveCfg = Debug|Any CPU
		{BE4D3CF1-EDE2-41EE-BF03-EA6D309CA261}.Debug|Any CPU.Build.0 = Debug|Any CPU
		{BE4D3CF1-EDE2-41EE-BF03-EA6D309CA261}.Release|Any CPU.ActiveCfg = Release|Any CPU
		{BE4D3CF1-EDE2-41EE-BF03-EA6D309CA261}.Release|Any CPU.Build.0 = Release|Any CPU
		{3871C381-9A4F-4EE2-B349-DBFC432D0FE8}.Debug|Any CPU.ActiveCfg = Debug|Any CPU
		{3871C381-9A4F-4EE2-B349-DBFC432D0FE8}.Debug|Any CPU.Build.0 = Debug|Any CPU
		{3871C381-9A4F-4EE2-B349-DBFC432D0FE8}.Release|Any CPU.ActiveCfg = Release|Any CPU
		{3871C381-9A4F-4EE2-B349-DBFC432D0FE8}.Release|Any CPU.Build.0 = Release|Any CPU
	EndGlobalSection
	GlobalSection(SolutionProperties) = preSolution
		HideSolutionNode = FALSE
	EndGlobalSection
	GlobalSection(ExtensibilityGlobals) = postSolution
		SolutionGuid = {71B54C4B-6A22-44FF-A0FA-A54D76292220}
	EndGlobalSection
EndGlobal
