
Microsoft Visual Studio Solution File, Format Version 12.00
# Visual Studio Version 17
VisualStudioVersion = 17.8.34330.188
MinimumVisualStudioVersion = 10.0.40219.1
Project("{FAE04EC0-301F-11D3-BF4B-00C04F79EFBC}") = "Variables.Lesson2", "Variables.Lesson2\Variables.Lesson2.csproj", "{7F966F1D-3004-41A7-9B5A-A0E3CE81549A}"
EndProject
Global
	GlobalSection(SolutionConfigurationPlatforms) = preSolution
		Debug|Any CPU = Debug|Any CPU
		Release|Any CPU = Release|Any CPU
	EndGlobalSection
	GlobalSection(ProjectConfigurationPlatforms) = postSolution
		{7F966F1D-3004-41A7-9B5A-A0E3CE81549A}.Debug|Any CPU.ActiveCfg = Debug|Any CPU
		{7F966F1D-3004-41A7-9B5A-A0E3CE81549A}.Debug|Any CPU.Build.0 = Debug|Any CPU
		{7F966F1D-3004-41A7-9B5A-A0E3CE81549A}.Release|Any CPU.ActiveCfg = Release|Any CPU
		{7F966F1D-3004-41A7-9B5A-A0E3CE81549A}.Release|Any CPU.Build.0 = Release|Any CPU
	EndGlobalSection
	GlobalSection(SolutionProperties) = preSolution
		HideSolutionNode = FALSE
	EndGlobalSection
	GlobalSection(ExtensibilityGlobals) = postSolution
		SolutionGuid = {86A2F6E9-8FA3-4C84-9219-64C4B347DED3}
	EndGlobalSection
EndGlobal
