
Microsoft Visual Studio Solution File, Format Version 12.00
# Visual Studio Version 17
VisualStudioVersion = 17.8.34330.188
MinimumVisualStudioVersion = 10.0.40219.1
Project("{FAE04EC0-301F-11D3-BF4B-00C04F79EFBC}") = "C#-002.Operators", "C#-002.Operators\C#-002.Operators.csproj", "{BEB7D9ED-E938-4A7A-914C-F52862D24E9B}"
EndProject
Global
	GlobalSection(SolutionConfigurationPlatforms) = preSolution
		Debug|Any CPU = Debug|Any CPU
		Release|Any CPU = Release|Any CPU
	EndGlobalSection
	GlobalSection(ProjectConfigurationPlatforms) = postSolution
		{BEB7D9ED-E938-4A7A-914C-F52862D24E9B}.Debug|Any CPU.ActiveCfg = Debug|Any CPU
		{BEB7D9ED-E938-4A7A-914C-F52862D24E9B}.Debug|Any CPU.Build.0 = Debug|Any CPU
		{BEB7D9ED-E938-4A7A-914C-F52862D24E9B}.Release|Any CPU.ActiveCfg = Release|Any CPU
		{BEB7D9ED-E938-4A7A-914C-F52862D24E9B}.Release|Any CPU.Build.0 = Release|Any CPU
	EndGlobalSection
	GlobalSection(SolutionProperties) = preSolution
		HideSolutionNode = FALSE
	EndGlobalSection
	GlobalSection(ExtensibilityGlobals) = postSolution
		SolutionGuid = {FAD4AF5A-4F46-4B10-A235-3B3C4A6A664A}
	EndGlobalSection
EndGlobal
