
Microsoft Visual Studio Solution File, Format Version 12.00
# Visual Studio Version 17
VisualStudioVersion = 17.8.34330.188
MinimumVisualStudioVersion = 10.0.40219.1
Project("{FAE04EC0-301F-11D3-BF4B-00C04F79EFBC}") = "Loops.C#-002", "Loops.C#-002\Loops.C#-002.csproj", "{E026AE33-A367-45D4-9F86-B2F923DA1842}"
EndProject
Global
	GlobalSection(SolutionConfigurationPlatforms) = preSolution
		Debug|Any CPU = Debug|Any CPU
		Release|Any CPU = Release|Any CPU
	EndGlobalSection
	GlobalSection(ProjectConfigurationPlatforms) = postSolution
		{E026AE33-A367-45D4-9F86-B2F923DA1842}.Debug|Any CPU.ActiveCfg = Debug|Any CPU
		{E026AE33-A367-45D4-9F86-B2F923DA1842}.Debug|Any CPU.Build.0 = Debug|Any CPU
		{E026AE33-A367-45D4-9F86-B2F923DA1842}.Release|Any CPU.ActiveCfg = Release|Any CPU
		{E026AE33-A367-45D4-9F86-B2F923DA1842}.Release|Any CPU.Build.0 = Release|Any CPU
	EndGlobalSection
	GlobalSection(SolutionProperties) = preSolution
		HideSolutionNode = FALSE
	EndGlobalSection
	GlobalSection(ExtensibilityGlobals) = postSolution
		SolutionGuid = {D1A39DA0-D107-4EDF-A376-37873DE7AF38}
	EndGlobalSection
EndGlobal
